
Microsoft Visual Studio Solution File, Format Version 12.00
# Visual Studio Version 17
VisualStudioVersion = 17.14.36623.8 d17.14
MinimumVisualStudioVersion = 10.0.40219.1
Project("{FAE04EC0-301F-11D3-BF4B-00C04F79EFBC}") = "DiscordLinking", "DiscordLinking\DiscordLinking.csproj", "{FD7B46A2-C2EA-45F9-A0C1-6D9658A8F4E3}"
EndProject
Global
	GlobalSection(SolutionConfigurationPlatforms) = preSolution
		Debug|Any CPU = Debug|Any CPU
		Release|Any CPU = Release|Any CPU
	EndGlobalSection
	GlobalSection(ProjectConfigurationPlatforms) = postSolution
		{FD7B46A2-C2EA-45F9-A0C1-6D9658A8F4E3}.Debug|Any CPU.ActiveCfg = Debug|Any CPU
		{FD7B46A2-C2EA-45F9-A0C1-6D9658A8F4E3}.Debug|Any CPU.Build.0 = Debug|Any CPU
		{FD7B46A2-C2EA-45F9-A0C1-6D9658A8F4E3}.Release|Any CPU.ActiveCfg = Release|Any CPU
		{FD7B46A2-C2EA-45F9-A0C1-6D9658A8F4E3}.Release|Any CPU.Build.0 = Release|Any CPU
	EndGlobalSection
	GlobalSection(SolutionProperties) = preSolution
		HideSolutionNode = FALSE
	EndGlobalSection
	GlobalSection(ExtensibilityGlobals) = postSolution
		SolutionGuid = {1FA1E99D-9D14-46F3-92C7-833152C91628}
	EndGlobalSection
EndGlobal
